
Microsoft Visual Studio Solution File, Format Version 12.00
# Visual Studio Version 16
VisualStudioVersion = 16.0.30114.105
MinimumVisualStudioVersion = 10.0.40219.1
Project("{9A19103F-16F7-4668-BE54-9A1E7A4F7556}") = "Decuplr.Serialization.Binary", "src\Decuplr.Serialization.Binary\Decuplr.Serialization.Binary.csproj", "{17A3A5B1-AE94-404C-99CC-2C10310BA2C3}"
EndProject
Project("{9A19103F-16F7-4668-BE54-9A1E7A4F7556}") = "Decuplr.Serialization.Binary.SourceGenerator", "src\Decuplr.Serialization.Binary.SourceGenerator\Decuplr.Serialization.Binary.SourceGenerator.csproj", "{3BE635E3-A5A0-4EF9-AFCF-F56F80E03E53}"
EndProject
Project("{9A19103F-16F7-4668-BE54-9A1E7A4F7556}") = "Decuplr.Serialization.Binary.ConsoleTests", "tests\Decuplr.Serialization.Binary.ConsoleTests\Decuplr.Serialization.Binary.ConsoleTests.csproj", "{B7B81FB0-F2D6-4BC5-AF9C-57B19620699D}"
EndProject
Project("{9A19103F-16F7-4668-BE54-9A1E7A4F7556}") = "Decuplr.Serialization.Binary.Shared", "src\Decuplr.Serialization.Binary.Shared\Decuplr.Serialization.Binary.Shared.csproj", "{FBE00129-383C-4349-86AF-CA91F3F649F4}"
EndProject
Project("{9A19103F-16F7-4668-BE54-9A1E7A4F7556}") = "Decuplr.Serialization.Binary.Parsers", "src\Decuplr.Serialization.Binary.Parsers\Decuplr.Serialization.Binary.Parsers.csproj", "{5965A039-E911-418D-B412-251A7C0F52D8}"
EndProject
Project("{9A19103F-16F7-4668-BE54-9A1E7A4F7556}") = "Decuplr.Serialization.Analyzer.Shared", "src\Decuplr.Serialization.Analyzer.Shared\Decuplr.Serialization.Analyzer.Shared.csproj", "{667046C1-D1F2-4846-8099-634F7FFDBF61}"
EndProject
Project("{2150E333-8FDC-42A3-9474-1A3956D46DE8}") = "Source Generator", "Source Generator", "{13FDE718-C9EF-45DE-BC8D-D2577F6F9DAE}"
EndProject
Project("{2150E333-8FDC-42A3-9474-1A3956D46DE8}") = "Tests", "Tests", "{2E27026D-45E3-4C5E-894E-AA9AE1C6F704}"
EndProject
Project("{2150E333-8FDC-42A3-9474-1A3956D46DE8}") = "Library", "Library", "{731B8FE4-454F-4C6D-911D-6C9C6903B362}"
EndProject
Project("{9A19103F-16F7-4668-BE54-9A1E7A4F7556}") = "Benchmark", "benchmark\Benchmark\Benchmark.csproj", "{F97F3DDA-492F-424D-9576-C7FF30D0CADD}"
EndProject
Project("{9A19103F-16F7-4668-BE54-9A1E7A4F7556}") = "Decuplr.Serialization.Internal.CodeGeneration", "src\Decuplr.Serialization.Internal.CodeGeneration\Decuplr.Serialization.Internal.CodeGeneration.csproj", "{8829D883-23AE-4C56-B6C0-F99A7C8D50D9}"
EndProject
Project("{9A19103F-16F7-4668-BE54-9A1E7A4F7556}") = "Decuplr.Serialization.Internal.AnalysisService", "src\Decuplr.Serialization.Internal.AnalysisService\Decuplr.Serialization.Internal.AnalysisService.csproj", "{131BEB19-D5E2-403D-A143-935895E9F741}"
EndProject
Project("{9A19103F-16F7-4668-BE54-9A1E7A4F7556}") = "Decuplr.Serialization.Internal.LayoutService", "src\Decuplr.Serialization.Internal.LayoutService\Decuplr.Serialization.Internal.LayoutService.csproj", "{92A2A933-03D9-42D2-A653-170668749251}"
EndProject
Project("{2150E333-8FDC-42A3-9474-1A3956D46DE8}") = "Obsolete", "Obsolete", "{12AC806A-26D9-49BA-9494-B721FDFE0E41}"
EndProject
Project("{2150E333-8FDC-42A3-9474-1A3956D46DE8}") = "Misc", "Misc", "{043EBA6D-560A-4FFA-9146-C23805FBD210}"
EndProject
Project("{9A19103F-16F7-4668-BE54-9A1E7A4F7556}") = "Decuplr.Serialization.Internal.SourceBuilder", "src\Decuplr.Serialization.Internal.SourceBuilder\Decuplr.Serialization.Internal.SourceBuilder.csproj", "{1603EEF8-F255-41F8-AC6E-D74532D55E10}"
EndProject
Global
	GlobalSection(SolutionConfigurationPlatforms) = preSolution
		Debug|Any CPU = Debug|Any CPU
		NoAutogen|Any CPU = NoAutogen|Any CPU
		Release|Any CPU = Release|Any CPU
	EndGlobalSection
	GlobalSection(ProjectConfigurationPlatforms) = postSolution
		{17A3A5B1-AE94-404C-99CC-2C10310BA2C3}.Debug|Any CPU.ActiveCfg = Debug|Any CPU
		{17A3A5B1-AE94-404C-99CC-2C10310BA2C3}.Debug|Any CPU.Build.0 = Debug|Any CPU
		{17A3A5B1-AE94-404C-99CC-2C10310BA2C3}.NoAutogen|Any CPU.ActiveCfg = NoAutogen|Any CPU
		{17A3A5B1-AE94-404C-99CC-2C10310BA2C3}.NoAutogen|Any CPU.Build.0 = NoAutogen|Any CPU
		{17A3A5B1-AE94-404C-99CC-2C10310BA2C3}.Release|Any CPU.ActiveCfg = Release|Any CPU
		{17A3A5B1-AE94-404C-99CC-2C10310BA2C3}.Release|Any CPU.Build.0 = Release|Any CPU
		{3BE635E3-A5A0-4EF9-AFCF-F56F80E03E53}.Debug|Any CPU.ActiveCfg = Debug|Any CPU
		{3BE635E3-A5A0-4EF9-AFCF-F56F80E03E53}.Debug|Any CPU.Build.0 = Debug|Any CPU
		{3BE635E3-A5A0-4EF9-AFCF-F56F80E03E53}.NoAutogen|Any CPU.ActiveCfg = Release|Any CPU
		{3BE635E3-A5A0-4EF9-AFCF-F56F80E03E53}.NoAutogen|Any CPU.Build.0 = Release|Any CPU
		{3BE635E3-A5A0-4EF9-AFCF-F56F80E03E53}.Release|Any CPU.ActiveCfg = Release|Any CPU
		{3BE635E3-A5A0-4EF9-AFCF-F56F80E03E53}.Release|Any CPU.Build.0 = Release|Any CPU
		{B7B81FB0-F2D6-4BC5-AF9C-57B19620699D}.Debug|Any CPU.ActiveCfg = Debug|Any CPU
		{B7B81FB0-F2D6-4BC5-AF9C-57B19620699D}.Debug|Any CPU.Build.0 = Debug|Any CPU
		{B7B81FB0-F2D6-4BC5-AF9C-57B19620699D}.NoAutogen|Any CPU.ActiveCfg = Release|Any CPU
		{B7B81FB0-F2D6-4BC5-AF9C-57B19620699D}.NoAutogen|Any CPU.Build.0 = Release|Any CPU
		{B7B81FB0-F2D6-4BC5-AF9C-57B19620699D}.Release|Any CPU.ActiveCfg = Release|Any CPU
		{B7B81FB0-F2D6-4BC5-AF9C-57B19620699D}.Release|Any CPU.Build.0 = Release|Any CPU
		{FBE00129-383C-4349-86AF-CA91F3F649F4}.Debug|Any CPU.ActiveCfg = Debug|Any CPU
		{FBE00129-383C-4349-86AF-CA91F3F649F4}.Debug|Any CPU.Build.0 = Debug|Any CPU
		{FBE00129-383C-4349-86AF-CA91F3F649F4}.NoAutogen|Any CPU.ActiveCfg = Debug|Any CPU
		{FBE00129-383C-4349-86AF-CA91F3F649F4}.NoAutogen|Any CPU.Build.0 = Debug|Any CPU
		{FBE00129-383C-4349-86AF-CA91F3F649F4}.Release|Any CPU.ActiveCfg = Release|Any CPU
		{FBE00129-383C-4349-86AF-CA91F3F649F4}.Release|Any CPU.Build.0 = Release|Any CPU
		{5965A039-E911-418D-B412-251A7C0F52D8}.Debug|Any CPU.ActiveCfg = Debug|Any CPU
		{5965A039-E911-418D-B412-251A7C0F52D8}.Debug|Any CPU.Build.0 = Debug|Any CPU
		{5965A039-E911-418D-B412-251A7C0F52D8}.NoAutogen|Any CPU.ActiveCfg = NoAutogen|Any CPU
		{5965A039-E911-418D-B412-251A7C0F52D8}.NoAutogen|Any CPU.Build.0 = NoAutogen|Any CPU
		{5965A039-E911-418D-B412-251A7C0F52D8}.Release|Any CPU.ActiveCfg = Release|Any CPU
		{5965A039-E911-418D-B412-251A7C0F52D8}.Release|Any CPU.Build.0 = Release|Any CPU
		{667046C1-D1F2-4846-8099-634F7FFDBF61}.Debug|Any CPU.ActiveCfg = Debug|Any CPU
		{667046C1-D1F2-4846-8099-634F7FFDBF61}.Debug|Any CPU.Build.0 = Debug|Any CPU
		{667046C1-D1F2-4846-8099-634F7FFDBF61}.NoAutogen|Any CPU.ActiveCfg = Debug|Any CPU
		{667046C1-D1F2-4846-8099-634F7FFDBF61}.NoAutogen|Any CPU.Build.0 = Debug|Any CPU
		{667046C1-D1F2-4846-8099-634F7FFDBF61}.Release|Any CPU.ActiveCfg = Release|Any CPU
		{667046C1-D1F2-4846-8099-634F7FFDBF61}.Release|Any CPU.Build.0 = Release|Any CPU
		{F97F3DDA-492F-424D-9576-C7FF30D0CADD}.Debug|Any CPU.ActiveCfg = Debug|Any CPU
		{F97F3DDA-492F-424D-9576-C7FF30D0CADD}.Debug|Any CPU.Build.0 = Debug|Any CPU
		{F97F3DDA-492F-424D-9576-C7FF30D0CADD}.NoAutogen|Any CPU.ActiveCfg = Debug|Any CPU
		{F97F3DDA-492F-424D-9576-C7FF30D0CADD}.NoAutogen|Any CPU.Build.0 = Debug|Any CPU
		{F97F3DDA-492F-424D-9576-C7FF30D0CADD}.Release|Any CPU.ActiveCfg = Release|Any CPU
		{F97F3DDA-492F-424D-9576-C7FF30D0CADD}.Release|Any CPU.Build.0 = Release|Any CPU
		{8829D883-23AE-4C56-B6C0-F99A7C8D50D9}.Debug|Any CPU.ActiveCfg = Debug|Any CPU
		{8829D883-23AE-4C56-B6C0-F99A7C8D50D9}.Debug|Any CPU.Build.0 = Debug|Any CPU
		{8829D883-23AE-4C56-B6C0-F99A7C8D50D9}.NoAutogen|Any CPU.ActiveCfg = Debug|Any CPU
		{8829D883-23AE-4C56-B6C0-F99A7C8D50D9}.NoAutogen|Any CPU.Build.0 = Debug|Any CPU
		{8829D883-23AE-4C56-B6C0-F99A7C8D50D9}.Release|Any CPU.ActiveCfg = Release|Any CPU
		{8829D883-23AE-4C56-B6C0-F99A7C8D50D9}.Release|Any CPU.Build.0 = Release|Any CPU
		{131BEB19-D5E2-403D-A143-935895E9F741}.Debug|Any CPU.ActiveCfg = Debug|Any CPU
		{131BEB19-D5E2-403D-A143-935895E9F741}.Debug|Any CPU.Build.0 = Debug|Any CPU
		{131BEB19-D5E2-403D-A143-935895E9F741}.NoAutogen|Any CPU.ActiveCfg = Debug|Any CPU
		{131BEB19-D5E2-403D-A143-935895E9F741}.NoAutogen|Any CPU.Build.0 = Debug|Any CPU
		{131BEB19-D5E2-403D-A143-935895E9F741}.Release|Any CPU.ActiveCfg = Release|Any CPU
		{131BEB19-D5E2-403D-A143-935895E9F741}.Release|Any CPU.Build.0 = Release|Any CPU
		{92A2A933-03D9-42D2-A653-170668749251}.Debug|Any CPU.ActiveCfg = Debug|Any CPU
		{92A2A933-03D9-42D2-A653-170668749251}.Debug|Any CPU.Build.0 = Debug|Any CPU
		{92A2A933-03D9-42D2-A653-170668749251}.NoAutogen|Any CPU.ActiveCfg = Debug|Any CPU
		{92A2A933-03D9-42D2-A653-170668749251}.NoAutogen|Any CPU.Build.0 = Debug|Any CPU
		{92A2A933-03D9-42D2-A653-170668749251}.Release|Any CPU.ActiveCfg = Release|Any CPU
		{92A2A933-03D9-42D2-A653-170668749251}.Release|Any CPU.Build.0 = Release|Any CPU
		{1603EEF8-F255-41F8-AC6E-D74532D55E10}.Debug|Any CPU.ActiveCfg = Debug|Any CPU
		{1603EEF8-F255-41F8-AC6E-D74532D55E10}.Debug|Any CPU.Build.0 = Debug|Any CPU
		{1603EEF8-F255-41F8-AC6E-D74532D55E10}.NoAutogen|Any CPU.ActiveCfg = Debug|Any CPU
		{1603EEF8-F255-41F8-AC6E-D74532D55E10}.NoAutogen|Any CPU.Build.0 = Debug|Any CPU
		{1603EEF8-F255-41F8-AC6E-D74532D55E10}.Release|Any CPU.ActiveCfg = Release|Any CPU
		{1603EEF8-F255-41F8-AC6E-D74532D55E10}.Release|Any CPU.Build.0 = Release|Any CPU
	EndGlobalSection
	GlobalSection(SolutionProperties) = preSolution
		HideSolutionNode = FALSE
	EndGlobalSection
	GlobalSection(NestedProjects) = preSolution
		{17A3A5B1-AE94-404C-99CC-2C10310BA2C3} = {731B8FE4-454F-4C6D-911D-6C9C6903B362}
		{3BE635E3-A5A0-4EF9-AFCF-F56F80E03E53} = {13FDE718-C9EF-45DE-BC8D-D2577F6F9DAE}
		{B7B81FB0-F2D6-4BC5-AF9C-57B19620699D} = {2E27026D-45E3-4C5E-894E-AA9AE1C6F704}
		{FBE00129-383C-4349-86AF-CA91F3F649F4} = {731B8FE4-454F-4C6D-911D-6C9C6903B362}
		{5965A039-E911-418D-B412-251A7C0F52D8} = {731B8FE4-454F-4C6D-911D-6C9C6903B362}
		{667046C1-D1F2-4846-8099-634F7FFDBF61} = {12AC806A-26D9-49BA-9494-B721FDFE0E41}
		{2E27026D-45E3-4C5E-894E-AA9AE1C6F704} = {043EBA6D-560A-4FFA-9146-C23805FBD210}
		{F97F3DDA-492F-424D-9576-C7FF30D0CADD} = {2E27026D-45E3-4C5E-894E-AA9AE1C6F704}
		{8829D883-23AE-4C56-B6C0-F99A7C8D50D9} = {13FDE718-C9EF-45DE-BC8D-D2577F6F9DAE}
		{131BEB19-D5E2-403D-A143-935895E9F741} = {13FDE718-C9EF-45DE-BC8D-D2577F6F9DAE}
		{92A2A933-03D9-42D2-A653-170668749251} = {13FDE718-C9EF-45DE-BC8D-D2577F6F9DAE}
		{12AC806A-26D9-49BA-9494-B721FDFE0E41} = {043EBA6D-560A-4FFA-9146-C23805FBD210}
		{1603EEF8-F255-41F8-AC6E-D74532D55E10} = {13FDE718-C9EF-45DE-BC8D-D2577F6F9DAE}
	EndGlobalSection
	GlobalSection(ExtensibilityGlobals) = postSolution
		SolutionGuid = {531076BF-1BB1-486E-B04F-F7D0057238A0}
	EndGlobalSection
EndGlobal
