
Microsoft Visual Studio Solution File, Format Version 12.00
# Visual Studio Version 16
VisualStudioVersion = 16.0.30114.105
MinimumVisualStudioVersion = 10.0.40219.1
Project("{9A19103F-16F7-4668-BE54-9A1E7A4F7556}") = "Decuplr.Serialization.Binary.SourceGenerator", "src\Decuplr.Serialization.Binary.SourceGenerator\Decuplr.Serialization.Binary.SourceGenerator.csproj", "{3BE635E3-A5A0-4EF9-AFCF-F56F80E03E53}"
EndProject
Project("{9A19103F-16F7-4668-BE54-9A1E7A4F7556}") = "Decuplr.Serialization.Binary.ConsoleTests", "tests\Decuplr.Serialization.Binary.ConsoleTests\Decuplr.Serialization.Binary.ConsoleTests.csproj", "{B7B81FB0-F2D6-4BC5-AF9C-57B19620699D}"
EndProject
Project("{2150E333-8FDC-42A3-9474-1A3956D46DE8}") = "Source Generation", "Source Generation", "{13FDE718-C9EF-45DE-BC8D-D2577F6F9DAE}"
EndProject
Project("{2150E333-8FDC-42A3-9474-1A3956D46DE8}") = "Tests", "Tests", "{2E27026D-45E3-4C5E-894E-AA9AE1C6F704}"
EndProject
Project("{2150E333-8FDC-42A3-9474-1A3956D46DE8}") = "Library", "Library", "{731B8FE4-454F-4C6D-911D-6C9C6903B362}"
EndProject
Project("{9A19103F-16F7-4668-BE54-9A1E7A4F7556}") = "Benchmark", "benchmark\Benchmark\Benchmark.csproj", "{F97F3DDA-492F-424D-9576-C7FF30D0CADD}"
EndProject
Project("{2150E333-8FDC-42A3-9474-1A3956D46DE8}") = "Misc", "Misc", "{043EBA6D-560A-4FFA-9146-C23805FBD210}"
EndProject
Project("{2150E333-8FDC-42A3-9474-1A3956D46DE8}") = "Source Code Analysis", "Source Code Analysis", "{C90B0CCB-FE94-45D7-8B66-3300419D92AA}"
EndProject
Project("{9A19103F-16F7-4668-BE54-9A1E7A4F7556}") = "Decuplr.CodeAnalysis.SourceBuilder", "src\Decuplr.CodeAnalysis.SourceBuilder\Decuplr.CodeAnalysis.SourceBuilder.csproj", "{C5915D63-7BB0-4736-9144-4DDD5909240A}"
EndProject
Project("{9A19103F-16F7-4668-BE54-9A1E7A4F7556}") = "Decuplr.CodeAnalysis.Diagnostics", "src\Decuplr.CodeAnalysis.Diagnostics\Decuplr.CodeAnalysis.Diagnostics.csproj", "{03CB42DC-173C-4091-A331-B3C97B6C5A1A}"
EndProject
Project("{9A19103F-16F7-4668-BE54-9A1E7A4F7556}") = "Decuplr.CodeAnalysis", "src\Decuplr.CodeAnalysis\Decuplr.CodeAnalysis.csproj", "{FD0E3767-5E0E-437C-8A9E-340D2721BF58}"
EndProject
Project("{9A19103F-16F7-4668-BE54-9A1E7A4F7556}") = "Decuplr.CodeAnalysis.Serialization", "src\Decuplr.CodeAnalysis.Serialization\Decuplr.CodeAnalysis.Serialization.csproj", "{E2D29892-B2BB-4A3E-9105-602CC4A71DA6}"
EndProject
Project("{9A19103F-16F7-4668-BE54-9A1E7A4F7556}") = "Decuplr.Serialization.Binary.Abstraction", "src\Decuplr.Serialization.Binary.Abstraction\Decuplr.Serialization.Binary.Abstraction.csproj", "{D3ACDBC1-652F-4889-8A10-83EFE4820F73}"
EndProject
Project("{9A19103F-16F7-4668-BE54-9A1E7A4F7556}") = "Decuplr.Serialization", "src\Decuplr.Serialization\Decuplr.Serialization.csproj", "{734CAA99-F4BA-4CA5-9DE5-28904699316C}"
EndProject
Project("{9A19103F-16F7-4668-BE54-9A1E7A4F7556}") = "Decuplr.Serialization.Binary", "src\Decuplr.Serialization.Binary\Decuplr.Serialization.Binary.csproj", "{5EC4BF02-2343-4690-B908-5CE3783DD408}"
EndProject
Project("{9A19103F-16F7-4668-BE54-9A1E7A4F7556}") = "Decuplr.Serialization.Binary.TypeComposite", "src\Decuplr.Serialization.Binary.TypeComposite\Decuplr.Serialization.Binary.TypeComposite.csproj", "{D9CF4015-864D-497F-A966-0CB964DC75D8}"
EndProject
Project("{9A19103F-16F7-4668-BE54-9A1E7A4F7556}") = "Decuplr.Sourceberg", "src\Decuplr.Sourceberg\Decuplr.Sourceberg.csproj", "{380F69E3-6029-4A6D-AEA1-E075C6FDFCC2}"
EndProject
Project("{FAE04EC0-301F-11D3-BF4B-00C04F79EFBC}") = "Decuplr.Serialization.Analyzers", "src\Decuplr.Serialization.Analyzers\Decuplr.Serialization.Analyzers.csproj", "{B001EF8C-0327-463D-8540-8744715F3099}"
EndProject
Global
	GlobalSection(SolutionConfigurationPlatforms) = preSolution
		Debug|Any CPU = Debug|Any CPU
		NoAutogen|Any CPU = NoAutogen|Any CPU
		Release|Any CPU = Release|Any CPU
	EndGlobalSection
	GlobalSection(ProjectConfigurationPlatforms) = postSolution
		{3BE635E3-A5A0-4EF9-AFCF-F56F80E03E53}.Debug|Any CPU.ActiveCfg = Debug|Any CPU
		{3BE635E3-A5A0-4EF9-AFCF-F56F80E03E53}.Debug|Any CPU.Build.0 = Debug|Any CPU
		{3BE635E3-A5A0-4EF9-AFCF-F56F80E03E53}.NoAutogen|Any CPU.ActiveCfg = Release|Any CPU
		{3BE635E3-A5A0-4EF9-AFCF-F56F80E03E53}.NoAutogen|Any CPU.Build.0 = Release|Any CPU
		{3BE635E3-A5A0-4EF9-AFCF-F56F80E03E53}.Release|Any CPU.ActiveCfg = Release|Any CPU
		{3BE635E3-A5A0-4EF9-AFCF-F56F80E03E53}.Release|Any CPU.Build.0 = Release|Any CPU
		{B7B81FB0-F2D6-4BC5-AF9C-57B19620699D}.Debug|Any CPU.ActiveCfg = Debug|Any CPU
		{B7B81FB0-F2D6-4BC5-AF9C-57B19620699D}.Debug|Any CPU.Build.0 = Debug|Any CPU
		{B7B81FB0-F2D6-4BC5-AF9C-57B19620699D}.NoAutogen|Any CPU.ActiveCfg = Release|Any CPU
		{B7B81FB0-F2D6-4BC5-AF9C-57B19620699D}.NoAutogen|Any CPU.Build.0 = Release|Any CPU
		{B7B81FB0-F2D6-4BC5-AF9C-57B19620699D}.Release|Any CPU.ActiveCfg = Release|Any CPU
		{B7B81FB0-F2D6-4BC5-AF9C-57B19620699D}.Release|Any CPU.Build.0 = Release|Any CPU
		{F97F3DDA-492F-424D-9576-C7FF30D0CADD}.Debug|Any CPU.ActiveCfg = Debug|Any CPU
		{F97F3DDA-492F-424D-9576-C7FF30D0CADD}.Debug|Any CPU.Build.0 = Debug|Any CPU
		{F97F3DDA-492F-424D-9576-C7FF30D0CADD}.NoAutogen|Any CPU.ActiveCfg = Debug|Any CPU
		{F97F3DDA-492F-424D-9576-C7FF30D0CADD}.NoAutogen|Any CPU.Build.0 = Debug|Any CPU
		{F97F3DDA-492F-424D-9576-C7FF30D0CADD}.Release|Any CPU.ActiveCfg = Release|Any CPU
		{F97F3DDA-492F-424D-9576-C7FF30D0CADD}.Release|Any CPU.Build.0 = Release|Any CPU
		{C5915D63-7BB0-4736-9144-4DDD5909240A}.Debug|Any CPU.ActiveCfg = Debug|Any CPU
		{C5915D63-7BB0-4736-9144-4DDD5909240A}.Debug|Any CPU.Build.0 = Debug|Any CPU
		{C5915D63-7BB0-4736-9144-4DDD5909240A}.NoAutogen|Any CPU.ActiveCfg = Debug|Any CPU
		{C5915D63-7BB0-4736-9144-4DDD5909240A}.NoAutogen|Any CPU.Build.0 = Debug|Any CPU
		{C5915D63-7BB0-4736-9144-4DDD5909240A}.Release|Any CPU.ActiveCfg = Release|Any CPU
		{C5915D63-7BB0-4736-9144-4DDD5909240A}.Release|Any CPU.Build.0 = Release|Any CPU
		{03CB42DC-173C-4091-A331-B3C97B6C5A1A}.Debug|Any CPU.ActiveCfg = Debug|Any CPU
		{03CB42DC-173C-4091-A331-B3C97B6C5A1A}.Debug|Any CPU.Build.0 = Debug|Any CPU
		{03CB42DC-173C-4091-A331-B3C97B6C5A1A}.NoAutogen|Any CPU.ActiveCfg = Debug|Any CPU
		{03CB42DC-173C-4091-A331-B3C97B6C5A1A}.NoAutogen|Any CPU.Build.0 = Debug|Any CPU
		{03CB42DC-173C-4091-A331-B3C97B6C5A1A}.Release|Any CPU.ActiveCfg = Release|Any CPU
		{03CB42DC-173C-4091-A331-B3C97B6C5A1A}.Release|Any CPU.Build.0 = Release|Any CPU
		{FD0E3767-5E0E-437C-8A9E-340D2721BF58}.Debug|Any CPU.ActiveCfg = Debug|Any CPU
		{FD0E3767-5E0E-437C-8A9E-340D2721BF58}.Debug|Any CPU.Build.0 = Debug|Any CPU
		{FD0E3767-5E0E-437C-8A9E-340D2721BF58}.NoAutogen|Any CPU.ActiveCfg = Debug|Any CPU
		{FD0E3767-5E0E-437C-8A9E-340D2721BF58}.NoAutogen|Any CPU.Build.0 = Debug|Any CPU
		{FD0E3767-5E0E-437C-8A9E-340D2721BF58}.Release|Any CPU.ActiveCfg = Release|Any CPU
		{FD0E3767-5E0E-437C-8A9E-340D2721BF58}.Release|Any CPU.Build.0 = Release|Any CPU
		{E2D29892-B2BB-4A3E-9105-602CC4A71DA6}.Debug|Any CPU.ActiveCfg = Debug|Any CPU
		{E2D29892-B2BB-4A3E-9105-602CC4A71DA6}.Debug|Any CPU.Build.0 = Debug|Any CPU
		{E2D29892-B2BB-4A3E-9105-602CC4A71DA6}.NoAutogen|Any CPU.ActiveCfg = Debug|Any CPU
		{E2D29892-B2BB-4A3E-9105-602CC4A71DA6}.NoAutogen|Any CPU.Build.0 = Debug|Any CPU
		{E2D29892-B2BB-4A3E-9105-602CC4A71DA6}.Release|Any CPU.ActiveCfg = Release|Any CPU
		{E2D29892-B2BB-4A3E-9105-602CC4A71DA6}.Release|Any CPU.Build.0 = Release|Any CPU
		{D3ACDBC1-652F-4889-8A10-83EFE4820F73}.Debug|Any CPU.ActiveCfg = Debug|Any CPU
		{D3ACDBC1-652F-4889-8A10-83EFE4820F73}.Debug|Any CPU.Build.0 = Debug|Any CPU
		{D3ACDBC1-652F-4889-8A10-83EFE4820F73}.NoAutogen|Any CPU.ActiveCfg = Debug|Any CPU
		{D3ACDBC1-652F-4889-8A10-83EFE4820F73}.NoAutogen|Any CPU.Build.0 = Debug|Any CPU
		{D3ACDBC1-652F-4889-8A10-83EFE4820F73}.Release|Any CPU.ActiveCfg = Release|Any CPU
		{D3ACDBC1-652F-4889-8A10-83EFE4820F73}.Release|Any CPU.Build.0 = Release|Any CPU
		{734CAA99-F4BA-4CA5-9DE5-28904699316C}.Debug|Any CPU.ActiveCfg = Debug|Any CPU
		{734CAA99-F4BA-4CA5-9DE5-28904699316C}.Debug|Any CPU.Build.0 = Debug|Any CPU
		{734CAA99-F4BA-4CA5-9DE5-28904699316C}.NoAutogen|Any CPU.ActiveCfg = Debug|Any CPU
		{734CAA99-F4BA-4CA5-9DE5-28904699316C}.NoAutogen|Any CPU.Build.0 = Debug|Any CPU
		{734CAA99-F4BA-4CA5-9DE5-28904699316C}.Release|Any CPU.ActiveCfg = Release|Any CPU
		{734CAA99-F4BA-4CA5-9DE5-28904699316C}.Release|Any CPU.Build.0 = Release|Any CPU
		{5EC4BF02-2343-4690-B908-5CE3783DD408}.Debug|Any CPU.ActiveCfg = Debug|Any CPU
		{5EC4BF02-2343-4690-B908-5CE3783DD408}.Debug|Any CPU.Build.0 = Debug|Any CPU
		{5EC4BF02-2343-4690-B908-5CE3783DD408}.NoAutogen|Any CPU.ActiveCfg = Debug|Any CPU
		{5EC4BF02-2343-4690-B908-5CE3783DD408}.NoAutogen|Any CPU.Build.0 = Debug|Any CPU
		{5EC4BF02-2343-4690-B908-5CE3783DD408}.Release|Any CPU.ActiveCfg = Release|Any CPU
		{5EC4BF02-2343-4690-B908-5CE3783DD408}.Release|Any CPU.Build.0 = Release|Any CPU
		{D9CF4015-864D-497F-A966-0CB964DC75D8}.Debug|Any CPU.ActiveCfg = Debug|Any CPU
		{D9CF4015-864D-497F-A966-0CB964DC75D8}.Debug|Any CPU.Build.0 = Debug|Any CPU
		{D9CF4015-864D-497F-A966-0CB964DC75D8}.NoAutogen|Any CPU.ActiveCfg = Debug|Any CPU
		{D9CF4015-864D-497F-A966-0CB964DC75D8}.NoAutogen|Any CPU.Build.0 = Debug|Any CPU
		{D9CF4015-864D-497F-A966-0CB964DC75D8}.Release|Any CPU.ActiveCfg = Release|Any CPU
		{D9CF4015-864D-497F-A966-0CB964DC75D8}.Release|Any CPU.Build.0 = Release|Any CPU
		{380F69E3-6029-4A6D-AEA1-E075C6FDFCC2}.Debug|Any CPU.ActiveCfg = Debug|Any CPU
		{380F69E3-6029-4A6D-AEA1-E075C6FDFCC2}.Debug|Any CPU.Build.0 = Debug|Any CPU
		{380F69E3-6029-4A6D-AEA1-E075C6FDFCC2}.NoAutogen|Any CPU.ActiveCfg = Debug|Any CPU
		{380F69E3-6029-4A6D-AEA1-E075C6FDFCC2}.NoAutogen|Any CPU.Build.0 = Debug|Any CPU
		{380F69E3-6029-4A6D-AEA1-E075C6FDFCC2}.Release|Any CPU.ActiveCfg = Release|Any CPU
		{380F69E3-6029-4A6D-AEA1-E075C6FDFCC2}.Release|Any CPU.Build.0 = Release|Any CPU
		{B001EF8C-0327-463D-8540-8744715F3099}.Debug|Any CPU.ActiveCfg = Debug|Any CPU
		{B001EF8C-0327-463D-8540-8744715F3099}.Debug|Any CPU.Build.0 = Debug|Any CPU
		{B001EF8C-0327-463D-8540-8744715F3099}.NoAutogen|Any CPU.ActiveCfg = Debug|Any CPU
		{B001EF8C-0327-463D-8540-8744715F3099}.NoAutogen|Any CPU.Build.0 = Debug|Any CPU
		{B001EF8C-0327-463D-8540-8744715F3099}.Release|Any CPU.ActiveCfg = Release|Any CPU
		{B001EF8C-0327-463D-8540-8744715F3099}.Release|Any CPU.Build.0 = Release|Any CPU
	EndGlobalSection
	GlobalSection(SolutionProperties) = preSolution
		HideSolutionNode = FALSE
	EndGlobalSection
	GlobalSection(NestedProjects) = preSolution
		{3BE635E3-A5A0-4EF9-AFCF-F56F80E03E53} = {13FDE718-C9EF-45DE-BC8D-D2577F6F9DAE}
		{B7B81FB0-F2D6-4BC5-AF9C-57B19620699D} = {2E27026D-45E3-4C5E-894E-AA9AE1C6F704}
		{2E27026D-45E3-4C5E-894E-AA9AE1C6F704} = {043EBA6D-560A-4FFA-9146-C23805FBD210}
		{F97F3DDA-492F-424D-9576-C7FF30D0CADD} = {2E27026D-45E3-4C5E-894E-AA9AE1C6F704}
		{C5915D63-7BB0-4736-9144-4DDD5909240A} = {C90B0CCB-FE94-45D7-8B66-3300419D92AA}
		{03CB42DC-173C-4091-A331-B3C97B6C5A1A} = {C90B0CCB-FE94-45D7-8B66-3300419D92AA}
		{FD0E3767-5E0E-437C-8A9E-340D2721BF58} = {C90B0CCB-FE94-45D7-8B66-3300419D92AA}
		{E2D29892-B2BB-4A3E-9105-602CC4A71DA6} = {13FDE718-C9EF-45DE-BC8D-D2577F6F9DAE}
		{D3ACDBC1-652F-4889-8A10-83EFE4820F73} = {731B8FE4-454F-4C6D-911D-6C9C6903B362}
		{734CAA99-F4BA-4CA5-9DE5-28904699316C} = {731B8FE4-454F-4C6D-911D-6C9C6903B362}
		{5EC4BF02-2343-4690-B908-5CE3783DD408} = {731B8FE4-454F-4C6D-911D-6C9C6903B362}
		{D9CF4015-864D-497F-A966-0CB964DC75D8} = {13FDE718-C9EF-45DE-BC8D-D2577F6F9DAE}
		{B001EF8C-0327-463D-8540-8744715F3099} = {13FDE718-C9EF-45DE-BC8D-D2577F6F9DAE}
	EndGlobalSection
	GlobalSection(ExtensibilityGlobals) = postSolution
		SolutionGuid = {531076BF-1BB1-486E-B04F-F7D0057238A0}
	EndGlobalSection
EndGlobal
